// !$*UTF8*$!
{
	archiveVersion = 1;
	classes = {
	};
	objectVersion = 56;
	objects = {

/* Begin PBXBuildFile section */
		07CC01512C24922F00AF9409 /* AppDelegate.swift in Sources */ = {isa = PBXBuildFile; fileRef = 07CC01502C24922F00AF9409 /* AppDelegate.swift */; };
		07CC01532C24922F00AF9409 /* SceneDelegate.swift in Sources */ = {isa = PBXBuildFile; fileRef = 07CC01522C24922F00AF9409 /* SceneDelegate.swift */; };
		07CC015A2C24923000AF9409 /* Assets.xcassets in Resources */ = {isa = PBXBuildFile; fileRef = 07CC01592C24923000AF9409 /* Assets.xcassets */; };
		07CC015D2C24923000AF9409 /* Base in Resources */ = {isa = PBXBuildFile; fileRef = 07CC015C2C24923000AF9409 /* Base */; };
		07CC01682C24923000AF9409 /* StockInfoTests.swift in Sources */ = {isa = PBXBuildFile; fileRef = 07CC01672C24923000AF9409 /* StockInfoTests.swift */; };
		07CC01722C24923000AF9409 /* StockInfoUITests.swift in Sources */ = {isa = PBXBuildFile; fileRef = 07CC01712C24923000AF9409 /* StockInfoUITests.swift */; };
		07CC01742C24923000AF9409 /* StockInfoUITestsLaunchTests.swift in Sources */ = {isa = PBXBuildFile; fileRef = 07CC01732C24923000AF9409 /* StockInfoUITestsLaunchTests.swift */; };
		07CC01822C24954E00AF9409 /* Alamofire in Frameworks */ = {isa = PBXBuildFile; productRef = 07CC01812C24954E00AF9409 /* Alamofire */; };
		07CC01852C24955C00AF9409 /* SnapKit in Frameworks */ = {isa = PBXBuildFile; productRef = 07CC01842C24955C00AF9409 /* SnapKit */; };
		07CC018A2C24995E00AF9409 /* Coordinator.swift in Sources */ = {isa = PBXBuildFile; fileRef = 07CC01892C24995E00AF9409 /* Coordinator.swift */; };
		07CC018C2C2499A300AF9409 /* AppDependencies.swift in Sources */ = {isa = PBXBuildFile; fileRef = 07CC018B2C2499A300AF9409 /* AppDependencies.swift */; };
		07CC01912C249A3B00AF9409 /* LoginCoordinator.swift in Sources */ = {isa = PBXBuildFile; fileRef = 07CC01902C249A3B00AF9409 /* LoginCoordinator.swift */; };
		07CC01932C249A7400AF9409 /* LoginViewController.swift in Sources */ = {isa = PBXBuildFile; fileRef = 07CC01922C249A7400AF9409 /* LoginViewController.swift */; };
		07CC01952C249A8300AF9409 /* LoginViewModel.swift in Sources */ = {isa = PBXBuildFile; fileRef = 07CC01942C249A8300AF9409 /* LoginViewModel.swift */; };
		07CC01992C249BF300AF9409 /* BaseViewController.swift in Sources */ = {isa = PBXBuildFile; fileRef = 07CC01982C249BF300AF9409 /* BaseViewController.swift */; };
		07CC019B2C249BFE00AF9409 /* BaseViewModel.swift in Sources */ = {isa = PBXBuildFile; fileRef = 07CC019A2C249BFE00AF9409 /* BaseViewModel.swift */; };
		07CC019E2C24A0EB00AF9409 /* LoginInputTextView.swift in Sources */ = {isa = PBXBuildFile; fileRef = 07CC019D2C24A0EB00AF9409 /* LoginInputTextView.swift */; };
		07CC01A02C24B2DE00AF9409 /* LoginInputTextType.swift in Sources */ = {isa = PBXBuildFile; fileRef = 07CC019F2C24B2DE00AF9409 /* LoginInputTextType.swift */; };
		07CC01A32C25152100AF9409 /* SColor.swift in Sources */ = {isa = PBXBuildFile; fileRef = 07CC01A22C25152100AF9409 /* SColor.swift */; };
		07CC01A62C25173F00AF9409 /* LocalizeTool.swift in Sources */ = {isa = PBXBuildFile; fileRef = 07CC01A52C25173F00AF9409 /* LocalizeTool.swift */; };
		07CC01A92C251F4000AF9409 /* UIButton+.swift in Sources */ = {isa = PBXBuildFile; fileRef = 07CC01A82C251F4000AF9409 /* UIButton+.swift */; };
		07CC01B12C25270900AF9409 /* HttpClient.swift in Sources */ = {isa = PBXBuildFile; fileRef = 07CC01AC2C25270900AF9409 /* HttpClient.swift */; };
		07CC01B22C25270900AF9409 /* NetworkManager.swift in Sources */ = {isa = PBXBuildFile; fileRef = 07CC01AD2C25270900AF9409 /* NetworkManager.swift */; };
		07CC01B32C25270900AF9409 /* TargetType.swift in Sources */ = {isa = PBXBuildFile; fileRef = 07CC01AE2C25270900AF9409 /* TargetType.swift */; };
		07CC01B52C25274100AF9409 /* LoginApi.swift in Sources */ = {isa = PBXBuildFile; fileRef = 07CC01B42C25274100AF9409 /* LoginApi.swift */; };
		07CC01B82C253B2E00AF9409 /* LoginReqModel.swift in Sources */ = {isa = PBXBuildFile; fileRef = 07CC01B72C253B2E00AF9409 /* LoginReqModel.swift */; };
		07CC01BB2C253CF600AF9409 /* LoginApiUnitTest.swift in Sources */ = {isa = PBXBuildFile; fileRef = 07CC01BA2C253CF600AF9409 /* LoginApiUnitTest.swift */; };
		07CC01BD2C253E3200AF9409 /* Data+.swift in Sources */ = {isa = PBXBuildFile; fileRef = 07CC01BC2C253E3200AF9409 /* Data+.swift */; };
		07CC01C02C25651100AF9409 /* UserManager.swift in Sources */ = {isa = PBXBuildFile; fileRef = 07CC01BF2C25651100AF9409 /* UserManager.swift */; };
		07CC01C32C25766300AF9409 /* SVProgressHUD in Frameworks */ = {isa = PBXBuildFile; productRef = 07CC01C22C25766300AF9409 /* SVProgressHUD */; };
		07CC01C62C2576E400AF9409 /* ProgressHUDable.swift in Sources */ = {isa = PBXBuildFile; fileRef = 07CC01C52C2576E400AF9409 /* ProgressHUDable.swift */; };
		07CC01C92C25788B00AF9409 /* HomeCoordinator.swift in Sources */ = {isa = PBXBuildFile; fileRef = 07CC01C82C25788B00AF9409 /* HomeCoordinator.swift */; };
		07CC01CB2C2578C900AF9409 /* HomeTabBarController.swift in Sources */ = {isa = PBXBuildFile; fileRef = 07CC01CA2C2578C900AF9409 /* HomeTabBarController.swift */; };
		07CC01CD2C2589EF00AF9409 /* StockListCoordinator.swift in Sources */ = {isa = PBXBuildFile; fileRef = 07CC01CC2C2589EF00AF9409 /* StockListCoordinator.swift */; };
		07CC01CF2C258A1900AF9409 /* StockListViewController.swift in Sources */ = {isa = PBXBuildFile; fileRef = 07CC01CE2C258A1900AF9409 /* StockListViewController.swift */; };
		07CC01D12C258A2E00AF9409 /* StockListViewModel.swift in Sources */ = {isa = PBXBuildFile; fileRef = 07CC01D02C258A2E00AF9409 /* StockListViewModel.swift */; };
/* End PBXBuildFile section */

/* Begin PBXContainerItemProxy section */
		07CC01642C24923000AF9409 /* PBXContainerItemProxy */ = {
			isa = PBXContainerItemProxy;
			containerPortal = 07CC01452C24922F00AF9409 /* Project object */;
			proxyType = 1;
			remoteGlobalIDString = 07CC014C2C24922F00AF9409;
			remoteInfo = StockInfo;
		};
		07CC016E2C24923000AF9409 /* PBXContainerItemProxy */ = {
			isa = PBXContainerItemProxy;
			containerPortal = 07CC01452C24922F00AF9409 /* Project object */;
			proxyType = 1;
			remoteGlobalIDString = 07CC014C2C24922F00AF9409;
			remoteInfo = StockInfo;
		};
/* End PBXContainerItemProxy section */

/* Begin PBXFileReference section */
		07CC014D2C24922F00AF9409 /* StockInfo.app */ = {isa = PBXFileReference; explicitFileType = wrapper.application; includeInIndex = 0; path = StockInfo.app; sourceTree = BUILT_PRODUCTS_DIR; };
		07CC01502C24922F00AF9409 /* AppDelegate.swift */ = {isa = PBXFileReference; lastKnownFileType = sourcecode.swift; path = AppDelegate.swift; sourceTree = "<group>"; };
		07CC01522C24922F00AF9409 /* SceneDelegate.swift */ = {isa = PBXFileReference; lastKnownFileType = sourcecode.swift; path = SceneDelegate.swift; sourceTree = "<group>"; };
		07CC01592C24923000AF9409 /* Assets.xcassets */ = {isa = PBXFileReference; lastKnownFileType = folder.assetcatalog; path = Assets.xcassets; sourceTree = "<group>"; };
		07CC015C2C24923000AF9409 /* Base */ = {isa = PBXFileReference; lastKnownFileType = file.storyboard; name = Base; path = Base.lproj/LaunchScreen.storyboard; sourceTree = "<group>"; };
		07CC015E2C24923000AF9409 /* Info.plist */ = {isa = PBXFileReference; lastKnownFileType = text.plist.xml; path = Info.plist; sourceTree = "<group>"; };
		07CC01632C24923000AF9409 /* StockInfoTests.xctest */ = {isa = PBXFileReference; explicitFileType = wrapper.cfbundle; includeInIndex = 0; path = StockInfoTests.xctest; sourceTree = BUILT_PRODUCTS_DIR; };
		07CC01672C24923000AF9409 /* StockInfoTests.swift */ = {isa = PBXFileReference; lastKnownFileType = sourcecode.swift; path = StockInfoTests.swift; sourceTree = "<group>"; };
		07CC016D2C24923000AF9409 /* StockInfoUITests.xctest */ = {isa = PBXFileReference; explicitFileType = wrapper.cfbundle; includeInIndex = 0; path = StockInfoUITests.xctest; sourceTree = BUILT_PRODUCTS_DIR; };
		07CC01712C24923000AF9409 /* StockInfoUITests.swift */ = {isa = PBXFileReference; lastKnownFileType = sourcecode.swift; path = StockInfoUITests.swift; sourceTree = "<group>"; };
		07CC01732C24923000AF9409 /* StockInfoUITestsLaunchTests.swift */ = {isa = PBXFileReference; lastKnownFileType = sourcecode.swift; path = StockInfoUITestsLaunchTests.swift; sourceTree = "<group>"; };
		07CC01892C24995E00AF9409 /* Coordinator.swift */ = {isa = PBXFileReference; lastKnownFileType = sourcecode.swift; path = Coordinator.swift; sourceTree = "<group>"; };
		07CC018B2C2499A300AF9409 /* AppDependencies.swift */ = {isa = PBXFileReference; lastKnownFileType = sourcecode.swift; path = AppDependencies.swift; sourceTree = "<group>"; };
		07CC01902C249A3B00AF9409 /* LoginCoordinator.swift */ = {isa = PBXFileReference; lastKnownFileType = sourcecode.swift; path = LoginCoordinator.swift; sourceTree = "<group>"; };
		07CC01922C249A7400AF9409 /* LoginViewController.swift */ = {isa = PBXFileReference; lastKnownFileType = sourcecode.swift; path = LoginViewController.swift; sourceTree = "<group>"; };
		07CC01942C249A8300AF9409 /* LoginViewModel.swift */ = {isa = PBXFileReference; lastKnownFileType = sourcecode.swift; path = LoginViewModel.swift; sourceTree = "<group>"; };
		07CC01982C249BF300AF9409 /* BaseViewController.swift */ = {isa = PBXFileReference; lastKnownFileType = sourcecode.swift; path = BaseViewController.swift; sourceTree = "<group>"; };
		07CC019A2C249BFE00AF9409 /* BaseViewModel.swift */ = {isa = PBXFileReference; lastKnownFileType = sourcecode.swift; path = BaseViewModel.swift; sourceTree = "<group>"; };
		07CC019D2C24A0EB00AF9409 /* LoginInputTextView.swift */ = {isa = PBXFileReference; lastKnownFileType = sourcecode.swift; path = LoginInputTextView.swift; sourceTree = "<group>"; };
		07CC019F2C24B2DE00AF9409 /* LoginInputTextType.swift */ = {isa = PBXFileReference; lastKnownFileType = sourcecode.swift; path = LoginInputTextType.swift; sourceTree = "<group>"; };
		07CC01A22C25152100AF9409 /* SColor.swift */ = {isa = PBXFileReference; lastKnownFileType = sourcecode.swift; path = SColor.swift; sourceTree = "<group>"; };
		07CC01A52C25173F00AF9409 /* LocalizeTool.swift */ = {isa = PBXFileReference; lastKnownFileType = sourcecode.swift; path = LocalizeTool.swift; sourceTree = "<group>"; };
		07CC01A82C251F4000AF9409 /* UIButton+.swift */ = {isa = PBXFileReference; lastKnownFileType = sourcecode.swift; path = "UIButton+.swift"; sourceTree = "<group>"; };
		07CC01AC2C25270900AF9409 /* HttpClient.swift */ = {isa = PBXFileReference; fileEncoding = 4; lastKnownFileType = sourcecode.swift; path = HttpClient.swift; sourceTree = "<group>"; };
		07CC01AD2C25270900AF9409 /* NetworkManager.swift */ = {isa = PBXFileReference; fileEncoding = 4; lastKnownFileType = sourcecode.swift; path = NetworkManager.swift; sourceTree = "<group>"; };
		07CC01AE2C25270900AF9409 /* TargetType.swift */ = {isa = PBXFileReference; fileEncoding = 4; lastKnownFileType = sourcecode.swift; path = TargetType.swift; sourceTree = "<group>"; };
		07CC01B42C25274100AF9409 /* LoginApi.swift */ = {isa = PBXFileReference; lastKnownFileType = sourcecode.swift; path = LoginApi.swift; sourceTree = "<group>"; };
		07CC01B72C253B2E00AF9409 /* LoginReqModel.swift */ = {isa = PBXFileReference; lastKnownFileType = sourcecode.swift; path = LoginReqModel.swift; sourceTree = "<group>"; };
		07CC01BA2C253CF600AF9409 /* LoginApiUnitTest.swift */ = {isa = PBXFileReference; lastKnownFileType = sourcecode.swift; path = LoginApiUnitTest.swift; sourceTree = "<group>"; };
		07CC01BC2C253E3200AF9409 /* Data+.swift */ = {isa = PBXFileReference; lastKnownFileType = sourcecode.swift; path = "Data+.swift"; sourceTree = "<group>"; };
		07CC01BF2C25651100AF9409 /* UserManager.swift */ = {isa = PBXFileReference; lastKnownFileType = sourcecode.swift; path = UserManager.swift; sourceTree = "<group>"; };
		07CC01C52C2576E400AF9409 /* ProgressHUDable.swift */ = {isa = PBXFileReference; lastKnownFileType = sourcecode.swift; path = ProgressHUDable.swift; sourceTree = "<group>"; };
		07CC01C82C25788B00AF9409 /* HomeCoordinator.swift */ = {isa = PBXFileReference; lastKnownFileType = sourcecode.swift; path = HomeCoordinator.swift; sourceTree = "<group>"; };
		07CC01CA2C2578C900AF9409 /* HomeTabBarController.swift */ = {isa = PBXFileReference; lastKnownFileType = sourcecode.swift; path = HomeTabBarController.swift; sourceTree = "<group>"; };
		07CC01CC2C2589EF00AF9409 /* StockListCoordinator.swift */ = {isa = PBXFileReference; lastKnownFileType = sourcecode.swift; path = StockListCoordinator.swift; sourceTree = "<group>"; };
		07CC01CE2C258A1900AF9409 /* StockListViewController.swift */ = {isa = PBXFileReference; lastKnownFileType = sourcecode.swift; path = StockListViewController.swift; sourceTree = "<group>"; };
		07CC01D02C258A2E00AF9409 /* StockListViewModel.swift */ = {isa = PBXFileReference; lastKnownFileType = sourcecode.swift; path = StockListViewModel.swift; sourceTree = "<group>"; };
/* End PBXFileReference section */

/* Begin PBXFrameworksBuildPhase section */
		07CC014A2C24922F00AF9409 /* Frameworks */ = {
			isa = PBXFrameworksBuildPhase;
			buildActionMask = 2147483647;
			files = (
				07CC01C32C25766300AF9409 /* SVProgressHUD in Frameworks */,
				07CC01822C24954E00AF9409 /* Alamofire in Frameworks */,
				07CC01852C24955C00AF9409 /* SnapKit in Frameworks */,
			);
			runOnlyForDeploymentPostprocessing = 0;
		};
		07CC01602C24923000AF9409 /* Frameworks */ = {
			isa = PBXFrameworksBuildPhase;
			buildActionMask = 2147483647;
			files = (
			);
			runOnlyForDeploymentPostprocessing = 0;
		};
		07CC016A2C24923000AF9409 /* Frameworks */ = {
			isa = PBXFrameworksBuildPhase;
			buildActionMask = 2147483647;
			files = (
			);
			runOnlyForDeploymentPostprocessing = 0;
		};
/* End PBXFrameworksBuildPhase section */

/* Begin PBXGroup section */
		07CC01442C24922F00AF9409 = {
			isa = PBXGroup;
			children = (
				07CC014F2C24922F00AF9409 /* StockInfo */,
				07CC01662C24923000AF9409 /* StockInfoTests */,
				07CC01702C24923000AF9409 /* StockInfoUITests */,
				07CC014E2C24922F00AF9409 /* Products */,
			);
			sourceTree = "<group>";
		};
		07CC014E2C24922F00AF9409 /* Products */ = {
			isa = PBXGroup;
			children = (
				07CC014D2C24922F00AF9409 /* StockInfo.app */,
				07CC01632C24923000AF9409 /* StockInfoTests.xctest */,
				07CC016D2C24923000AF9409 /* StockInfoUITests.xctest */,
			);
			name = Products;
			sourceTree = "<group>";
		};
		07CC014F2C24922F00AF9409 /* StockInfo */ = {
			isa = PBXGroup;
			children = (
				07CC01502C24922F00AF9409 /* AppDelegate.swift */,
				07CC01522C24922F00AF9409 /* SceneDelegate.swift */,
				07CC01892C24995E00AF9409 /* Coordinator.swift */,
				07CC018B2C2499A300AF9409 /* AppDependencies.swift */,
				07CC01882C24961600AF9409 /* Tools */,
				07CC01872C24961000AF9409 /* Scene */,
				07CC01862C24960300AF9409 /* Resource */,
			);
			path = StockInfo;
			sourceTree = "<group>";
		};
		07CC01662C24923000AF9409 /* StockInfoTests */ = {
			isa = PBXGroup;
			children = (
				07CC01B92C253CDC00AF9409 /* NetworkManager */,
				07CC01672C24923000AF9409 /* StockInfoTests.swift */,
			);
			path = StockInfoTests;
			sourceTree = "<group>";
		};
		07CC01702C24923000AF9409 /* StockInfoUITests */ = {
			isa = PBXGroup;
			children = (
				07CC01712C24923000AF9409 /* StockInfoUITests.swift */,
				07CC01732C24923000AF9409 /* StockInfoUITestsLaunchTests.swift */,
			);
			path = StockInfoUITests;
			sourceTree = "<group>";
		};
		07CC01862C24960300AF9409 /* Resource */ = {
			isa = PBXGroup;
			children = (
				07CC01592C24923000AF9409 /* Assets.xcassets */,
				07CC015B2C24923000AF9409 /* LaunchScreen.storyboard */,
				07CC015E2C24923000AF9409 /* Info.plist */,
			);
			path = Resource;
			sourceTree = "<group>";
		};
		07CC01872C24961000AF9409 /* Scene */ = {
			isa = PBXGroup;
			children = (
				07CC01972C249BE500AF9409 /* Base */,
				07CC01C72C25786100AF9409 /* Home */,
				07CC018D2C2499D500AF9409 /* Login */,
				07CC018E2C2499FC00AF9409 /* StockList */,
				07CC018F2C249A0400AF9409 /* StockPage */,
			);
			path = Scene;
			sourceTree = "<group>";
		};
		07CC01882C24961600AF9409 /* Tools */ = {
			isa = PBXGroup;
			children = (
				07CC01C42C2576CD00AF9409 /* Protocols */,
				07CC01BE2C25650200AF9409 /* UserManager */,
				07CC01AF2C25270900AF9409 /* NetworkManager */,
				07CC01A72C251F2B00AF9409 /* Extension */,
				07CC01A42C25172200AF9409 /* Localize */,
				07CC01A12C25150100AF9409 /* Color */,
			);
			path = Tools;
			sourceTree = "<group>";
		};
		07CC018D2C2499D500AF9409 /* Login */ = {
			isa = PBXGroup;
			children = (
				07CC01B62C253B0300AF9409 /* Model */,
				07CC019C2C24A0C000AF9409 /* View */,
				07CC01902C249A3B00AF9409 /* LoginCoordinator.swift */,
				07CC01922C249A7400AF9409 /* LoginViewController.swift */,
				07CC01942C249A8300AF9409 /* LoginViewModel.swift */,
			);
			path = Login;
			sourceTree = "<group>";
		};
		07CC018E2C2499FC00AF9409 /* StockList */ = {
			isa = PBXGroup;
			children = (
				07CC01CC2C2589EF00AF9409 /* StockListCoordinator.swift */,
				07CC01CE2C258A1900AF9409 /* StockListViewController.swift */,
				07CC01D02C258A2E00AF9409 /* StockListViewModel.swift */,
			);
			path = StockList;
			sourceTree = "<group>";
		};
		07CC018F2C249A0400AF9409 /* StockPage */ = {
			isa = PBXGroup;
			children = (
			);
			path = StockPage;
			sourceTree = "<group>";
		};
		07CC01972C249BE500AF9409 /* Base */ = {
			isa = PBXGroup;
			children = (
				07CC01982C249BF300AF9409 /* BaseViewController.swift */,
				07CC019A2C249BFE00AF9409 /* BaseViewModel.swift */,
			);
			path = Base;
			sourceTree = "<group>";
		};
		07CC019C2C24A0C000AF9409 /* View */ = {
			isa = PBXGroup;
			children = (
				07CC019F2C24B2DE00AF9409 /* LoginInputTextType.swift */,
				07CC019D2C24A0EB00AF9409 /* LoginInputTextView.swift */,
			);
			path = View;
			sourceTree = "<group>";
		};
		07CC01A12C25150100AF9409 /* Color */ = {
			isa = PBXGroup;
			children = (
				07CC01A22C25152100AF9409 /* SColor.swift */,
			);
			path = Color;
			sourceTree = "<group>";
		};
		07CC01A42C25172200AF9409 /* Localize */ = {
			isa = PBXGroup;
			children = (
				07CC01A52C25173F00AF9409 /* LocalizeTool.swift */,
			);
			path = Localize;
			sourceTree = "<group>";
		};
		07CC01A72C251F2B00AF9409 /* Extension */ = {
			isa = PBXGroup;
			children = (
				07CC01A82C251F4000AF9409 /* UIButton+.swift */,
				07CC01BC2C253E3200AF9409 /* Data+.swift */,
			);
			path = Extension;
			sourceTree = "<group>";
		};
		07CC01AB2C25270900AF9409 /* Api */ = {
			isa = PBXGroup;
			children = (
				07CC01B42C25274100AF9409 /* LoginApi.swift */,
			);
			path = Api;
			sourceTree = "<group>";
		};
		07CC01AF2C25270900AF9409 /* NetworkManager */ = {
			isa = PBXGroup;
			children = (
				07CC01AB2C25270900AF9409 /* Api */,
				07CC01AC2C25270900AF9409 /* HttpClient.swift */,
				07CC01AD2C25270900AF9409 /* NetworkManager.swift */,
				07CC01AE2C25270900AF9409 /* TargetType.swift */,
			);
			path = NetworkManager;
			sourceTree = "<group>";
		};
		07CC01B62C253B0300AF9409 /* Model */ = {
			isa = PBXGroup;
			children = (
				07CC01B72C253B2E00AF9409 /* LoginReqModel.swift */,
			);
			path = Model;
			sourceTree = "<group>";
		};
		07CC01B92C253CDC00AF9409 /* NetworkManager */ = {
			isa = PBXGroup;
			children = (
				07CC01BA2C253CF600AF9409 /* LoginApiUnitTest.swift */,
			);
			path = NetworkManager;
			sourceTree = "<group>";
		};
		07CC01BE2C25650200AF9409 /* UserManager */ = {
			isa = PBXGroup;
			children = (
				07CC01BF2C25651100AF9409 /* UserManager.swift */,
			);
			path = UserManager;
			sourceTree = "<group>";
		};
		07CC01C42C2576CD00AF9409 /* Protocols */ = {
			isa = PBXGroup;
			children = (
				07CC01C52C2576E400AF9409 /* ProgressHUDable.swift */,
			);
			path = Protocols;
			sourceTree = "<group>";
		};
		07CC01C72C25786100AF9409 /* Home */ = {
			isa = PBXGroup;
			children = (
				07CC01C82C25788B00AF9409 /* HomeCoordinator.swift */,
				07CC01CA2C2578C900AF9409 /* HomeTabBarController.swift */,
			);
			path = Home;
			sourceTree = "<group>";
		};
/* End PBXGroup section */

/* Begin PBXNativeTarget section */
		07CC014C2C24922F00AF9409 /* StockInfo */ = {
			isa = PBXNativeTarget;
			buildConfigurationList = 07CC01772C24923000AF9409 /* Build configuration list for PBXNativeTarget "StockInfo" */;
			buildPhases = (
				07CC01492C24922F00AF9409 /* Sources */,
				07CC014A2C24922F00AF9409 /* Frameworks */,
				07CC014B2C24922F00AF9409 /* Resources */,
			);
			buildRules = (
			);
			dependencies = (
			);
			name = StockInfo;
			packageProductDependencies = (
				07CC01812C24954E00AF9409 /* Alamofire */,
				07CC01842C24955C00AF9409 /* SnapKit */,
				07CC01C22C25766300AF9409 /* SVProgressHUD */,
			);
			productName = StockInfo;
			productReference = 07CC014D2C24922F00AF9409 /* StockInfo.app */;
			productType = "com.apple.product-type.application";
		};
		07CC01622C24923000AF9409 /* StockInfoTests */ = {
			isa = PBXNativeTarget;
			buildConfigurationList = 07CC017A2C24923000AF9409 /* Build configuration list for PBXNativeTarget "StockInfoTests" */;
			buildPhases = (
				07CC015F2C24923000AF9409 /* Sources */,
				07CC01602C24923000AF9409 /* Frameworks */,
				07CC01612C24923000AF9409 /* Resources */,
			);
			buildRules = (
			);
			dependencies = (
				07CC01652C24923000AF9409 /* PBXTargetDependency */,
			);
			name = StockInfoTests;
			productName = StockInfoTests;
			productReference = 07CC01632C24923000AF9409 /* StockInfoTests.xctest */;
			productType = "com.apple.product-type.bundle.unit-test";
		};
		07CC016C2C24923000AF9409 /* StockInfoUITests */ = {
			isa = PBXNativeTarget;
			buildConfigurationList = 07CC017D2C24923000AF9409 /* Build configuration list for PBXNativeTarget "StockInfoUITests" */;
			buildPhases = (
				07CC01692C24923000AF9409 /* Sources */,
				07CC016A2C24923000AF9409 /* Frameworks */,
				07CC016B2C24923000AF9409 /* Resources */,
			);
			buildRules = (
			);
			dependencies = (
				07CC016F2C24923000AF9409 /* PBXTargetDependency */,
			);
			name = StockInfoUITests;
			productName = StockInfoUITests;
			productReference = 07CC016D2C24923000AF9409 /* StockInfoUITests.xctest */;
			productType = "com.apple.product-type.bundle.ui-testing";
		};
/* End PBXNativeTarget section */

/* Begin PBXProject section */
		07CC01452C24922F00AF9409 /* Project object */ = {
			isa = PBXProject;
			attributes = {
				BuildIndependentTargetsInParallel = 1;
				LastSwiftUpdateCheck = 1540;
				LastUpgradeCheck = 1540;
				TargetAttributes = {
					07CC014C2C24922F00AF9409 = {
						CreatedOnToolsVersion = 15.4;
					};
					07CC01622C24923000AF9409 = {
						CreatedOnToolsVersion = 15.4;
						TestTargetID = 07CC014C2C24922F00AF9409;
					};
					07CC016C2C24923000AF9409 = {
						CreatedOnToolsVersion = 15.4;
						TestTargetID = 07CC014C2C24922F00AF9409;
					};
				};
			};
			buildConfigurationList = 07CC01482C24922F00AF9409 /* Build configuration list for PBXProject "StockInfo" */;
			compatibilityVersion = "Xcode 14.0";
			developmentRegion = en;
			hasScannedForEncodings = 0;
			knownRegions = (
				en,
				Base,
			);
			mainGroup = 07CC01442C24922F00AF9409;
			packageReferences = (
				07CC01802C24954E00AF9409 /* XCRemoteSwiftPackageReference "Alamofire" */,
				07CC01832C24955C00AF9409 /* XCRemoteSwiftPackageReference "SnapKit" */,
				07CC01C12C25766300AF9409 /* XCRemoteSwiftPackageReference "SVProgressHUD" */,
			);
			productRefGroup = 07CC014E2C24922F00AF9409 /* Products */;
			projectDirPath = "";
			projectRoot = "";
			targets = (
				07CC014C2C24922F00AF9409 /* StockInfo */,
				07CC01622C24923000AF9409 /* StockInfoTests */,
				07CC016C2C24923000AF9409 /* StockInfoUITests */,
			);
		};
/* End PBXProject section */

/* Begin PBXResourcesBuildPhase section */
		07CC014B2C24922F00AF9409 /* Resources */ = {
			isa = PBXResourcesBuildPhase;
			buildActionMask = 2147483647;
			files = (
				07CC015A2C24923000AF9409 /* Assets.xcassets in Resources */,
				07CC015D2C24923000AF9409 /* Base in Resources */,
			);
			runOnlyForDeploymentPostprocessing = 0;
		};
		07CC01612C24923000AF9409 /* Resources */ = {
			isa = PBXResourcesBuildPhase;
			buildActionMask = 2147483647;
			files = (
			);
			runOnlyForDeploymentPostprocessing = 0;
		};
		07CC016B2C24923000AF9409 /* Resources */ = {
			isa = PBXResourcesBuildPhase;
			buildActionMask = 2147483647;
			files = (
			);
			runOnlyForDeploymentPostprocessing = 0;
		};
/* End PBXResourcesBuildPhase section */

/* Begin PBXSourcesBuildPhase section */
		07CC01492C24922F00AF9409 /* Sources */ = {
			isa = PBXSourcesBuildPhase;
			buildActionMask = 2147483647;
			files = (
				07CC01B82C253B2E00AF9409 /* LoginReqModel.swift in Sources */,
				07CC01932C249A7400AF9409 /* LoginViewController.swift in Sources */,
				07CC01A92C251F4000AF9409 /* UIButton+.swift in Sources */,
				07CC01A02C24B2DE00AF9409 /* LoginInputTextType.swift in Sources */,
				07CC018C2C2499A300AF9409 /* AppDependencies.swift in Sources */,
				07CC01512C24922F00AF9409 /* AppDelegate.swift in Sources */,
				07CC01912C249A3B00AF9409 /* LoginCoordinator.swift in Sources */,
				07CC01A32C25152100AF9409 /* SColor.swift in Sources */,
				07CC019E2C24A0EB00AF9409 /* LoginInputTextView.swift in Sources */,
				07CC01C02C25651100AF9409 /* UserManager.swift in Sources */,
				07CC01D12C258A2E00AF9409 /* StockListViewModel.swift in Sources */,
				07CC01CD2C2589EF00AF9409 /* StockListCoordinator.swift in Sources */,
				07CC01CF2C258A1900AF9409 /* StockListViewController.swift in Sources */,
				07CC01BD2C253E3200AF9409 /* Data+.swift in Sources */,
				07CC01532C24922F00AF9409 /* SceneDelegate.swift in Sources */,
				07CC019B2C249BFE00AF9409 /* BaseViewModel.swift in Sources */,
				07CC01B22C25270900AF9409 /* NetworkManager.swift in Sources */,
				07CC01CB2C2578C900AF9409 /* HomeTabBarController.swift in Sources */,
				07CC01B12C25270900AF9409 /* HttpClient.swift in Sources */,
				07CC01B32C25270900AF9409 /* TargetType.swift in Sources */,
				07CC01C92C25788B00AF9409 /* HomeCoordinator.swift in Sources */,
				07CC01C62C2576E400AF9409 /* ProgressHUDable.swift in Sources */,
				07CC01992C249BF300AF9409 /* BaseViewController.swift in Sources */,
				07CC018A2C24995E00AF9409 /* Coordinator.swift in Sources */,
				07CC01A62C25173F00AF9409 /* LocalizeTool.swift in Sources */,
				07CC01B52C25274100AF9409 /* LoginApi.swift in Sources */,
				07CC01952C249A8300AF9409 /* LoginViewModel.swift in Sources */,
			);
			runOnlyForDeploymentPostprocessing = 0;
		};
		07CC015F2C24923000AF9409 /* Sources */ = {
			isa = PBXSourcesBuildPhase;
			buildActionMask = 2147483647;
			files = (
				07CC01BB2C253CF600AF9409 /* LoginApiUnitTest.swift in Sources */,
				07CC01682C24923000AF9409 /* StockInfoTests.swift in Sources */,
			);
			runOnlyForDeploymentPostprocessing = 0;
		};
		07CC01692C24923000AF9409 /* Sources */ = {
			isa = PBXSourcesBuildPhase;
			buildActionMask = 2147483647;
			files = (
				07CC01722C24923000AF9409 /* StockInfoUITests.swift in Sources */,
				07CC01742C24923000AF9409 /* StockInfoUITestsLaunchTests.swift in Sources */,
			);
			runOnlyForDeploymentPostprocessing = 0;
		};
/* End PBXSourcesBuildPhase section */

/* Begin PBXTargetDependency section */
		07CC01652C24923000AF9409 /* PBXTargetDependency */ = {
			isa = PBXTargetDependency;
			target = 07CC014C2C24922F00AF9409 /* StockInfo */;
			targetProxy = 07CC01642C24923000AF9409 /* PBXContainerItemProxy */;
		};
		07CC016F2C24923000AF9409 /* PBXTargetDependency */ = {
			isa = PBXTargetDependency;
			target = 07CC014C2C24922F00AF9409 /* StockInfo */;
			targetProxy = 07CC016E2C24923000AF9409 /* PBXContainerItemProxy */;
		};
/* End PBXTargetDependency section */

/* Begin PBXVariantGroup section */
		07CC015B2C24923000AF9409 /* LaunchScreen.storyboard */ = {
			isa = PBXVariantGroup;
			children = (
				07CC015C2C24923000AF9409 /* Base */,
			);
			name = LaunchScreen.storyboard;
			sourceTree = "<group>";
		};
/* End PBXVariantGroup section */

/* Begin XCBuildConfiguration section */
		07CC01752C24923000AF9409 /* Debug */ = {
			isa = XCBuildConfiguration;
			buildSettings = {
				ALWAYS_SEARCH_USER_PATHS = NO;
				ASSETCATALOG_COMPILER_GENERATE_SWIFT_ASSET_SYMBOL_EXTENSIONS = YES;
				CLANG_ANALYZER_NONNULL = YES;
				CLANG_ANALYZER_NUMBER_OBJECT_CONVERSION = YES_AGGRESSIVE;
				CLANG_CXX_LANGUAGE_STANDARD = "gnu++20";
				CLANG_ENABLE_MODULES = YES;
				CLANG_ENABLE_OBJC_ARC = YES;
				CLANG_ENABLE_OBJC_WEAK = YES;
				CLANG_WARN_BLOCK_CAPTURE_AUTORELEASING = YES;
				CLANG_WARN_BOOL_CONVERSION = YES;
				CLANG_WARN_COMMA = YES;
				CLANG_WARN_CONSTANT_CONVERSION = YES;
				CLANG_WARN_DEPRECATED_OBJC_IMPLEMENTATIONS = YES;
				CLANG_WARN_DIRECT_OBJC_ISA_USAGE = YES_ERROR;
				CLANG_WARN_DOCUMENTATION_COMMENTS = YES;
				CLANG_WARN_EMPTY_BODY = YES;
				CLANG_WARN_ENUM_CONVERSION = YES;
				CLANG_WARN_INFINITE_RECURSION = YES;
				CLANG_WARN_INT_CONVERSION = YES;
				CLANG_WARN_NON_LITERAL_NULL_CONVERSION = YES;
				CLANG_WARN_OBJC_IMPLICIT_RETAIN_SELF = YES;
				CLANG_WARN_OBJC_LITERAL_CONVERSION = YES;
				CLANG_WARN_OBJC_ROOT_CLASS = YES_ERROR;
				CLANG_WARN_QUOTED_INCLUDE_IN_FRAMEWORK_HEADER = YES;
				CLANG_WARN_RANGE_LOOP_ANALYSIS = YES;
				CLANG_WARN_STRICT_PROTOTYPES = YES;
				CLANG_WARN_SUSPICIOUS_MOVE = YES;
				CLANG_WARN_UNGUARDED_AVAILABILITY = YES_AGGRESSIVE;
				CLANG_WARN_UNREACHABLE_CODE = YES;
				CLANG_WARN__DUPLICATE_METHOD_MATCH = YES;
				COPY_PHASE_STRIP = NO;
				DEBUG_INFORMATION_FORMAT = dwarf;
				ENABLE_STRICT_OBJC_MSGSEND = YES;
				ENABLE_TESTABILITY = YES;
				ENABLE_USER_SCRIPT_SANDBOXING = YES;
				GCC_C_LANGUAGE_STANDARD = gnu17;
				GCC_DYNAMIC_NO_PIC = NO;
				GCC_NO_COMMON_BLOCKS = YES;
				GCC_OPTIMIZATION_LEVEL = 0;
				GCC_PREPROCESSOR_DEFINITIONS = (
					"DEBUG=1",
					"$(inherited)",
				);
				GCC_WARN_64_TO_32_BIT_CONVERSION = YES;
				GCC_WARN_ABOUT_RETURN_TYPE = YES_ERROR;
				GCC_WARN_UNDECLARED_SELECTOR = YES;
				GCC_WARN_UNINITIALIZED_AUTOS = YES_AGGRESSIVE;
				GCC_WARN_UNUSED_FUNCTION = YES;
				GCC_WARN_UNUSED_VARIABLE = YES;
				IPHONEOS_DEPLOYMENT_TARGET = 17.5;
				LOCALIZATION_PREFERS_STRING_CATALOGS = YES;
				MTL_ENABLE_DEBUG_INFO = INCLUDE_SOURCE;
				MTL_FAST_MATH = YES;
				ONLY_ACTIVE_ARCH = YES;
				SDKROOT = iphoneos;
				SWIFT_ACTIVE_COMPILATION_CONDITIONS = "DEBUG $(inherited)";
				SWIFT_OPTIMIZATION_LEVEL = "-Onone";
			};
			name = Debug;
		};
		07CC01762C24923000AF9409 /* Release */ = {
			isa = XCBuildConfiguration;
			buildSettings = {
				ALWAYS_SEARCH_USER_PATHS = NO;
				ASSETCATALOG_COMPILER_GENERATE_SWIFT_ASSET_SYMBOL_EXTENSIONS = YES;
				CLANG_ANALYZER_NONNULL = YES;
				CLANG_ANALYZER_NUMBER_OBJECT_CONVERSION = YES_AGGRESSIVE;
				CLANG_CXX_LANGUAGE_STANDARD = "gnu++20";
				CLANG_ENABLE_MODULES = YES;
				CLANG_ENABLE_OBJC_ARC = YES;
				CLANG_ENABLE_OBJC_WEAK = YES;
				CLANG_WARN_BLOCK_CAPTURE_AUTORELEASING = YES;
				CLANG_WARN_BOOL_CONVERSION = YES;
				CLANG_WARN_COMMA = YES;
				CLANG_WARN_CONSTANT_CONVERSION = YES;
				CLANG_WARN_DEPRECATED_OBJC_IMPLEMENTATIONS = YES;
				CLANG_WARN_DIRECT_OBJC_ISA_USAGE = YES_ERROR;
				CLANG_WARN_DOCUMENTATION_COMMENTS = YES;
				CLANG_WARN_EMPTY_BODY = YES;
				CLANG_WARN_ENUM_CONVERSION = YES;
				CLANG_WARN_INFINITE_RECURSION = YES;
				CLANG_WARN_INT_CONVERSION = YES;
				CLANG_WARN_NON_LITERAL_NULL_CONVERSION = YES;
				CLANG_WARN_OBJC_IMPLICIT_RETAIN_SELF = YES;
				CLANG_WARN_OBJC_LITERAL_CONVERSION = YES;
				CLANG_WARN_OBJC_ROOT_CLASS = YES_ERROR;
				CLANG_WARN_QUOTED_INCLUDE_IN_FRAMEWORK_HEADER = YES;
				CLANG_WARN_RANGE_LOOP_ANALYSIS = YES;
				CLANG_WARN_STRICT_PROTOTYPES = YES;
				CLANG_WARN_SUSPICIOUS_MOVE = YES;
				CLANG_WARN_UNGUARDED_AVAILABILITY = YES_AGGRESSIVE;
				CLANG_WARN_UNREACHABLE_CODE = YES;
				CLANG_WARN__DUPLICATE_METHOD_MATCH = YES;
				COPY_PHASE_STRIP = NO;
				DEBUG_INFORMATION_FORMAT = "dwarf-with-dsym";
				ENABLE_NS_ASSERTIONS = NO;
				ENABLE_STRICT_OBJC_MSGSEND = YES;
				ENABLE_USER_SCRIPT_SANDBOXING = YES;
				GCC_C_LANGUAGE_STANDARD = gnu17;
				GCC_NO_COMMON_BLOCKS = YES;
				GCC_WARN_64_TO_32_BIT_CONVERSION = YES;
				GCC_WARN_ABOUT_RETURN_TYPE = YES_ERROR;
				GCC_WARN_UNDECLARED_SELECTOR = YES;
				GCC_WARN_UNINITIALIZED_AUTOS = YES_AGGRESSIVE;
				GCC_WARN_UNUSED_FUNCTION = YES;
				GCC_WARN_UNUSED_VARIABLE = YES;
				IPHONEOS_DEPLOYMENT_TARGET = 17.5;
				LOCALIZATION_PREFERS_STRING_CATALOGS = YES;
				MTL_ENABLE_DEBUG_INFO = NO;
				MTL_FAST_MATH = YES;
				SDKROOT = iphoneos;
				SWIFT_COMPILATION_MODE = wholemodule;
				VALIDATE_PRODUCT = YES;
			};
			name = Release;
		};
		07CC01782C24923000AF9409 /* Debug */ = {
			isa = XCBuildConfiguration;
			buildSettings = {
				ASSETCATALOG_COMPILER_APPICON_NAME = AppIcon;
				ASSETCATALOG_COMPILER_GLOBAL_ACCENT_COLOR_NAME = AccentColor;
				CODE_SIGN_STYLE = Automatic;
				CURRENT_PROJECT_VERSION = 1;
				GENERATE_INFOPLIST_FILE = YES;
				INFOPLIST_FILE = StockInfo/Resource/Info.plist;
				INFOPLIST_KEY_UIApplicationSupportsIndirectInputEvents = YES;
				INFOPLIST_KEY_UILaunchStoryboardName = LaunchScreen;
				INFOPLIST_KEY_UIMainStoryboardFile = "";
				INFOPLIST_KEY_UISupportedInterfaceOrientations_iPad = "UIInterfaceOrientationPortrait UIInterfaceOrientationPortraitUpsideDown UIInterfaceOrientationLandscapeLeft UIInterfaceOrientationLandscapeRight";
				INFOPLIST_KEY_UISupportedInterfaceOrientations_iPhone = "UIInterfaceOrientationPortrait UIInterfaceOrientationLandscapeLeft UIInterfaceOrientationLandscapeRight";
				LD_RUNPATH_SEARCH_PATHS = (
					"$(inherited)",
					"@executable_path/Frameworks",
				);
				MARKETING_VERSION = 1.0;
				PRODUCT_BUNDLE_IDENTIFIER = com.hungclo.StockInfo;
				PRODUCT_NAME = "$(TARGET_NAME)";
				SWIFT_EMIT_LOC_STRINGS = YES;
				SWIFT_VERSION = 5.0;
				TARGETED_DEVICE_FAMILY = "1,2";
			};
			name = Debug;
		};
		07CC01792C24923000AF9409 /* Release */ = {
			isa = XCBuildConfiguration;
			buildSettings = {
				ASSETCATALOG_COMPILER_APPICON_NAME = AppIcon;
				ASSETCATALOG_COMPILER_GLOBAL_ACCENT_COLOR_NAME = AccentColor;
				CODE_SIGN_STYLE = Automatic;
				CURRENT_PROJECT_VERSION = 1;
				GENERATE_INFOPLIST_FILE = YES;
				INFOPLIST_FILE = StockInfo/Resource/Info.plist;
				INFOPLIST_KEY_UIApplicationSupportsIndirectInputEvents = YES;
				INFOPLIST_KEY_UILaunchStoryboardName = LaunchScreen;
				INFOPLIST_KEY_UIMainStoryboardFile = "";
				INFOPLIST_KEY_UISupportedInterfaceOrientations_iPad = "UIInterfaceOrientationPortrait UIInterfaceOrientationPortraitUpsideDown UIInterfaceOrientationLandscapeLeft UIInterfaceOrientationLandscapeRight";
				INFOPLIST_KEY_UISupportedInterfaceOrientations_iPhone = "UIInterfaceOrientationPortrait UIInterfaceOrientationLandscapeLeft UIInterfaceOrientationLandscapeRight";
				LD_RUNPATH_SEARCH_PATHS = (
					"$(inherited)",
					"@executable_path/Frameworks",
				);
				MARKETING_VERSION = 1.0;
				PRODUCT_BUNDLE_IDENTIFIER = com.hungclo.StockInfo;
				PRODUCT_NAME = "$(TARGET_NAME)";
				SWIFT_EMIT_LOC_STRINGS = YES;
				SWIFT_VERSION = 5.0;
				TARGETED_DEVICE_FAMILY = "1,2";
			};
			name = Release;
		};
		07CC017B2C24923000AF9409 /* Debug */ = {
			isa = XCBuildConfiguration;
			buildSettings = {
				ALWAYS_EMBED_SWIFT_STANDARD_LIBRARIES = YES;
				BUNDLE_LOADER = "$(TEST_HOST)";
				CODE_SIGN_STYLE = Automatic;
				CURRENT_PROJECT_VERSION = 1;
				GENERATE_INFOPLIST_FILE = YES;
				IPHONEOS_DEPLOYMENT_TARGET = 17.5;
				MARKETING_VERSION = 1.0;
				PRODUCT_BUNDLE_IDENTIFIER = com.hungclo.StockInfoTests;
				PRODUCT_NAME = "$(TARGET_NAME)";
				SWIFT_EMIT_LOC_STRINGS = NO;
				SWIFT_VERSION = 5.0;
				TARGETED_DEVICE_FAMILY = "1,2";
				TEST_HOST = "$(BUILT_PRODUCTS_DIR)/StockInfo.app/$(BUNDLE_EXECUTABLE_FOLDER_PATH)/StockInfo";
			};
			name = Debug;
		};
		07CC017C2C24923000AF9409 /* Release */ = {
			isa = XCBuildConfiguration;
			buildSettings = {
				ALWAYS_EMBED_SWIFT_STANDARD_LIBRARIES = YES;
				BUNDLE_LOADER = "$(TEST_HOST)";
				CODE_SIGN_STYLE = Automatic;
				CURRENT_PROJECT_VERSION = 1;
				GENERATE_INFOPLIST_FILE = YES;
				IPHONEOS_DEPLOYMENT_TARGET = 17.5;
				MARKETING_VERSION = 1.0;
				PRODUCT_BUNDLE_IDENTIFIER = com.hungclo.StockInfoTests;
				PRODUCT_NAME = "$(TARGET_NAME)";
				SWIFT_EMIT_LOC_STRINGS = NO;
				SWIFT_VERSION = 5.0;
				TARGETED_DEVICE_FAMILY = "1,2";
				TEST_HOST = "$(BUILT_PRODUCTS_DIR)/StockInfo.app/$(BUNDLE_EXECUTABLE_FOLDER_PATH)/StockInfo";
			};
			name = Release;
		};
		07CC017E2C24923000AF9409 /* Debug */ = {
			isa = XCBuildConfiguration;
			buildSettings = {
				ALWAYS_EMBED_SWIFT_STANDARD_LIBRARIES = YES;
				CODE_SIGN_STYLE = Automatic;
				CURRENT_PROJECT_VERSION = 1;
				GENERATE_INFOPLIST_FILE = YES;
				MARKETING_VERSION = 1.0;
				PRODUCT_BUNDLE_IDENTIFIER = com.hungclo.StockInfoUITests;
				PRODUCT_NAME = "$(TARGET_NAME)";
				SWIFT_EMIT_LOC_STRINGS = NO;
				SWIFT_VERSION = 5.0;
				TARGETED_DEVICE_FAMILY = "1,2";
				TEST_TARGET_NAME = StockInfo;
			};
			name = Debug;
		};
		07CC017F2C24923000AF9409 /* Release */ = {
			isa = XCBuildConfiguration;
			buildSettings = {
				ALWAYS_EMBED_SWIFT_STANDARD_LIBRARIES = YES;
				CODE_SIGN_STYLE = Automatic;
				CURRENT_PROJECT_VERSION = 1;
				GENERATE_INFOPLIST_FILE = YES;
				MARKETING_VERSION = 1.0;
				PRODUCT_BUNDLE_IDENTIFIER = com.hungclo.StockInfoUITests;
				PRODUCT_NAME = "$(TARGET_NAME)";
				SWIFT_EMIT_LOC_STRINGS = NO;
				SWIFT_VERSION = 5.0;
				TARGETED_DEVICE_FAMILY = "1,2";
				TEST_TARGET_NAME = StockInfo;
			};
			name = Release;
		};
/* End XCBuildConfiguration section */

/* Begin XCConfigurationList section */
		07CC01482C24922F00AF9409 /* Build configuration list for PBXProject "StockInfo" */ = {
			isa = XCConfigurationList;
			buildConfigurations = (
				07CC01752C24923000AF9409 /* Debug */,
				07CC01762C24923000AF9409 /* Release */,
			);
			defaultConfigurationIsVisible = 0;
			defaultConfigurationName = Release;
		};
		07CC01772C24923000AF9409 /* Build configuration list for PBXNativeTarget "StockInfo" */ = {
			isa = XCConfigurationList;
			buildConfigurations = (
				07CC01782C24923000AF9409 /* Debug */,
				07CC01792C24923000AF9409 /* Release */,
			);
			defaultConfigurationIsVisible = 0;
			defaultConfigurationName = Release;
		};
		07CC017A2C24923000AF9409 /* Build configuration list for PBXNativeTarget "StockInfoTests" */ = {
			isa = XCConfigurationList;
			buildConfigurations = (
				07CC017B2C24923000AF9409 /* Debug */,
				07CC017C2C24923000AF9409 /* Release */,
			);
			defaultConfigurationIsVisible = 0;
			defaultConfigurationName = Release;
		};
		07CC017D2C24923000AF9409 /* Build configuration list for PBXNativeTarget "StockInfoUITests" */ = {
			isa = XCConfigurationList;
			buildConfigurations = (
				07CC017E2C24923000AF9409 /* Debug */,
				07CC017F2C24923000AF9409 /* Release */,
			);
			defaultConfigurationIsVisible = 0;
			defaultConfigurationName = Release;
		};
/* End XCConfigurationList section */

/* Begin XCRemoteSwiftPackageReference section */
		07CC01802C24954E00AF9409 /* XCRemoteSwiftPackageReference "Alamofire" */ = {
			isa = XCRemoteSwiftPackageReference;
			repositoryURL = "https://github.com/Alamofire/Alamofire.git";
			requirement = {
				kind = upToNextMajorVersion;
				minimumVersion = 5.9.1;
			};
		};
		07CC01832C24955C00AF9409 /* XCRemoteSwiftPackageReference "SnapKit" */ = {
			isa = XCRemoteSwiftPackageReference;
			repositoryURL = "https://github.com/SnapKit/SnapKit.git";
			requirement = {
				kind = upToNextMajorVersion;
				minimumVersion = 5.7.1;
			};
		};
		07CC01C12C25766300AF9409 /* XCRemoteSwiftPackageReference "SVProgressHUD" */ = {
			isa = XCRemoteSwiftPackageReference;
			repositoryURL = "https://github.com/SVProgressHUD/SVProgressHUD";
			requirement = {
				kind = upToNextMajorVersion;
				minimumVersion = 2.3.1;
			};
		};
/* End XCRemoteSwiftPackageReference section */

/* Begin XCSwiftPackageProductDependency section */
		07CC01812C24954E00AF9409 /* Alamofire */ = {
			isa = XCSwiftPackageProductDependency;
			package = 07CC01802C24954E00AF9409 /* XCRemoteSwiftPackageReference "Alamofire" */;
			productName = Alamofire;
		};
		07CC01842C24955C00AF9409 /* SnapKit */ = {
			isa = XCSwiftPackageProductDependency;
			package = 07CC01832C24955C00AF9409 /* XCRemoteSwiftPackageReference "SnapKit" */;
			productName = SnapKit;
		};
		07CC01C22C25766300AF9409 /* SVProgressHUD */ = {
			isa = XCSwiftPackageProductDependency;
			package = 07CC01C12C25766300AF9409 /* XCRemoteSwiftPackageReference "SVProgressHUD" */;
			productName = SVProgressHUD;
		};
/* End XCSwiftPackageProductDependency section */
	};
	rootObject = 07CC01452C24922F00AF9409 /* Project object */;
}
